
Microsoft Visual Studio Solution File, Format Version 12.00
# Visual Studio 15
VisualStudioVersion = 15.0.28307.572
MinimumVisualStudioVersion = 10.0.40219.1
Project("{FAE04EC0-301F-11D3-BF4B-00C04F79EFBC}") = "AMS-AssignCheatButton", "AMS-AssignCheatButton\AMS-AssignCheatButton.csproj", "{6019C312-A192-40FF-9685-B7D20357E203}"
EndProject
Global
	GlobalSection(SolutionConfigurationPlatforms) = preSolution
		Debug|Any CPU = Debug|Any CPU
		Release|Any CPU = Release|Any CPU
	EndGlobalSection
	GlobalSection(ProjectConfigurationPlatforms) = postSolution
		{6019C312-A192-40FF-9685-B7D20357E203}.Debug|Any CPU.ActiveCfg = Debug|Any CPU
		{6019C312-A192-40FF-9685-B7D20357E203}.Debug|Any CPU.Build.0 = Debug|Any CPU
		{6019C312-A192-40FF-9685-B7D20357E203}.Release|Any CPU.ActiveCfg = Release|Any CPU
		{6019C312-A192-40FF-9685-B7D20357E203}.Release|Any CPU.Build.0 = Release|Any CPU
	EndGlobalSection
	GlobalSection(SolutionProperties) = preSolution
		HideSolutionNode = FALSE
	EndGlobalSection
	GlobalSection(ExtensibilityGlobals) = postSolution
		SolutionGuid = {1D0FE81E-8B12-43B6-A6E9-86A2C7EDB19B}
	EndGlobalSection
EndGlobal
